
Microsoft Visual Studio Solution File, Format Version 12.00
# Visual Studio Version 17
VisualStudioVersion = 17.11.35327.3
MinimumVisualStudioVersion = 10.0.40219.1
Project("{FAE04EC0-301F-11D3-BF4B-00C04F79EFBC}") = "UserCheck", "UserCheck\UserCheck.csproj", "{1B5D0EFF-274A-4C09-8C61-6A6813D713F3}"
EndProject
Global
	GlobalSection(SolutionConfigurationPlatforms) = preSolution
		Debug|Any CPU = Debug|Any CPU
		Release|Any CPU = Release|Any CPU
	EndGlobalSection
	GlobalSection(ProjectConfigurationPlatforms) = postSolution
		{1B5D0EFF-274A-4C09-8C61-6A6813D713F3}.Debug|Any CPU.ActiveCfg = Debug|Any CPU
		{1B5D0EFF-274A-4C09-8C61-6A6813D713F3}.Debug|Any CPU.Build.0 = Debug|Any CPU
		{1B5D0EFF-274A-4C09-8C61-6A6813D713F3}.Release|Any CPU.ActiveCfg = Release|Any CPU
		{1B5D0EFF-274A-4C09-8C61-6A6813D713F3}.Release|Any CPU.Build.0 = Release|Any CPU
	EndGlobalSection
	GlobalSection(SolutionProperties) = preSolution
		HideSolutionNode = FALSE
	EndGlobalSection
	GlobalSection(ExtensibilityGlobals) = postSolution
		SolutionGuid = {788A1CE9-740F-4C9B-B76A-DE1B3C3CBB48}
	EndGlobalSection
EndGlobal
